
Microsoft Visual Studio Solution File, Format Version 12.00
# Visual Studio Version 17
VisualStudioVersion = 17.11.35327.3
MinimumVisualStudioVersion = 10.0.40219.1
Project("{FAE04EC0-301F-11D3-BF4B-00C04F79EFBC}") = "davaleba", "davaleba\davaleba.csproj", "{1B718893-B05E-4C8F-8FA3-8BE5327BC677}"
EndProject
Global
	GlobalSection(SolutionConfigurationPlatforms) = preSolution
		Debug|Any CPU = Debug|Any CPU
		Release|Any CPU = Release|Any CPU
	EndGlobalSection
	GlobalSection(ProjectConfigurationPlatforms) = postSolution
		{1B718893-B05E-4C8F-8FA3-8BE5327BC677}.Debug|Any CPU.ActiveCfg = Debug|Any CPU
		{1B718893-B05E-4C8F-8FA3-8BE5327BC677}.Debug|Any CPU.Build.0 = Debug|Any CPU
		{1B718893-B05E-4C8F-8FA3-8BE5327BC677}.Release|Any CPU.ActiveCfg = Release|Any CPU
		{1B718893-B05E-4C8F-8FA3-8BE5327BC677}.Release|Any CPU.Build.0 = Release|Any CPU
	EndGlobalSection
	GlobalSection(SolutionProperties) = preSolution
		HideSolutionNode = FALSE
	EndGlobalSection
	GlobalSection(ExtensibilityGlobals) = postSolution
		SolutionGuid = {130AC483-D6CB-4FE0-9A6A-D2FB0D7A712E}
	EndGlobalSection
EndGlobal
